
Microsoft Visual Studio Solution File, Format Version 12.00
# Visual Studio Version 16
VisualStudioVersion = 16.0.29509.3
MinimumVisualStudioVersion = 10.0.40219.1
Project("{FAE04EC0-301F-11D3-BF4B-00C04F79EFBC}") = "ServiceStackApp", "ServiceStackApp.csproj", "{F35CD210-6AB8-453A-8AAE-21E3574CD558}"
EndProject
Global
	GlobalSection(SolutionConfigurationPlatforms) = preSolution
		Debug|Any CPU = Debug|Any CPU
		Release|Any CPU = Release|Any CPU
	EndGlobalSection
	GlobalSection(ProjectConfigurationPlatforms) = postSolution
		{F35CD210-6AB8-453A-8AAE-21E3574CD558}.Debug|Any CPU.ActiveCfg = Debug|Any CPU
		{F35CD210-6AB8-453A-8AAE-21E3574CD558}.Debug|Any CPU.Build.0 = Debug|Any CPU
		{F35CD210-6AB8-453A-8AAE-21E3574CD558}.Release|Any CPU.ActiveCfg = Release|Any CPU
		{F35CD210-6AB8-453A-8AAE-21E3574CD558}.Release|Any CPU.Build.0 = Release|Any CPU
	EndGlobalSection
	GlobalSection(SolutionProperties) = preSolution
		HideSolutionNode = FALSE
	EndGlobalSection
	GlobalSection(ExtensibilityGlobals) = postSolution
		SolutionGuid = {25635645-F6BD-4F1B-940A-7606929C75FB}
	EndGlobalSection
EndGlobal
